
Microsoft Visual Studio Solution File, Format Version 12.00
# Visual Studio Version 16
VisualStudioVersion = 16.0.33214.272
MinimumVisualStudioVersion = 10.0.40219.1
Project("{F184B08F-C81C-45F6-A57F-5ABD9991F28F}") = "Lopez_Workshops", "Lopez_Workshops.vbproj", "{094AA880-9721-4F4B-A4C4-DB1EBB66C331}"
EndProject
Global
	GlobalSection(SolutionConfigurationPlatforms) = preSolution
		Debug|Any CPU = Debug|Any CPU
		Release|Any CPU = Release|Any CPU
	EndGlobalSection
	GlobalSection(ProjectConfigurationPlatforms) = postSolution
		{094AA880-9721-4F4B-A4C4-DB1EBB66C331}.Debug|Any CPU.ActiveCfg = Debug|Any CPU
		{094AA880-9721-4F4B-A4C4-DB1EBB66C331}.Debug|Any CPU.Build.0 = Debug|Any CPU
		{094AA880-9721-4F4B-A4C4-DB1EBB66C331}.Release|Any CPU.ActiveCfg = Release|Any CPU
		{094AA880-9721-4F4B-A4C4-DB1EBB66C331}.Release|Any CPU.Build.0 = Release|Any CPU
	EndGlobalSection
	GlobalSection(SolutionProperties) = preSolution
		HideSolutionNode = FALSE
	EndGlobalSection
	GlobalSection(ExtensibilityGlobals) = postSolution
		SolutionGuid = {771BA8DD-D346-408A-8613-928086A66A75}
	EndGlobalSection
EndGlobal
