
Microsoft Visual Studio Solution File, Format Version 12.00
# Visual Studio Version 16
VisualStudioVersion = 16.0.33214.272
MinimumVisualStudioVersion = 10.0.40219.1
Project("{F184B08F-C81C-45F6-A57F-5ABD9991F28F}") = "Lopez_Karate", "Lopez_Karate.vbproj", "{4EB3BAD1-2EF7-494E-8AEA-BD7535A23598}"
EndProject
Global
	GlobalSection(SolutionConfigurationPlatforms) = preSolution
		Debug|Any CPU = Debug|Any CPU
		Release|Any CPU = Release|Any CPU
	EndGlobalSection
	GlobalSection(ProjectConfigurationPlatforms) = postSolution
		{4EB3BAD1-2EF7-494E-8AEA-BD7535A23598}.Debug|Any CPU.ActiveCfg = Debug|Any CPU
		{4EB3BAD1-2EF7-494E-8AEA-BD7535A23598}.Debug|Any CPU.Build.0 = Debug|Any CPU
		{4EB3BAD1-2EF7-494E-8AEA-BD7535A23598}.Release|Any CPU.ActiveCfg = Release|Any CPU
		{4EB3BAD1-2EF7-494E-8AEA-BD7535A23598}.Release|Any CPU.Build.0 = Release|Any CPU
	EndGlobalSection
	GlobalSection(SolutionProperties) = preSolution
		HideSolutionNode = FALSE
	EndGlobalSection
	GlobalSection(ExtensibilityGlobals) = postSolution
		SolutionGuid = {C9281572-E9CC-45F2-9B0B-C5A5EF01D4FA}
	EndGlobalSection
EndGlobal
